
Microsoft Visual Studio Solution File, Format Version 12.00
# Visual Studio Version 17
VisualStudioVersion = 17.2.32602.215
MinimumVisualStudioVersion = 10.0.40219.1
Project("{FAE04EC0-301F-11D3-BF4B-00C04F79EFBC}") = "ExampleEndpointDefinitions", "ExampleEndpointDefinitions\ExampleEndpointDefinitions.csproj", "{18B889A7-06A6-427C-BA11-C93643AA5BA8}"
EndProject
Global
	GlobalSection(SolutionConfigurationPlatforms) = preSolution
		Debug|Any CPU = Debug|Any CPU
		Release|Any CPU = Release|Any CPU
	EndGlobalSection
	GlobalSection(ProjectConfigurationPlatforms) = postSolution
		{18B889A7-06A6-427C-BA11-C93643AA5BA8}.Debug|Any CPU.ActiveCfg = Debug|Any CPU
		{18B889A7-06A6-427C-BA11-C93643AA5BA8}.Debug|Any CPU.Build.0 = Debug|Any CPU
		{18B889A7-06A6-427C-BA11-C93643AA5BA8}.Release|Any CPU.ActiveCfg = Release|Any CPU
		{18B889A7-06A6-427C-BA11-C93643AA5BA8}.Release|Any CPU.Build.0 = Release|Any CPU
	EndGlobalSection
	GlobalSection(SolutionProperties) = preSolution
		HideSolutionNode = FALSE
	EndGlobalSection
	GlobalSection(ExtensibilityGlobals) = postSolution
		SolutionGuid = {62398DA3-F5F2-4088-B17E-12A4A9CEFEE5}
	EndGlobalSection
EndGlobal
